
Microsoft Visual Studio Solution File, Format Version 12.00
# Visual Studio 15
VisualStudioVersion = 15.0.27130.2036
MinimumVisualStudioVersion = 10.0.40219.1
Project("{FAE04EC0-301F-11D3-BF4B-00C04F79EFBC}") = "IntoTheBreachSimulator.Android", "IntoTheBreachSimulator\IntoTheBreachSimulator.Android\IntoTheBreachSimulator.Android.csproj", "{DC884606-FB55-43D1-8FDD-75CF47D1B619}"
EndProject
Project("{FAE04EC0-301F-11D3-BF4B-00C04F79EFBC}") = "IntoTheBreachSimulator.iOS", "IntoTheBreachSimulator\IntoTheBreachSimulator.iOS\IntoTheBreachSimulator.iOS.csproj", "{1BC0194A-54C2-4112-AC17-43B09AFAB6C1}"
EndProject
Project("{9A19103F-16F7-4668-BE54-9A1E7A4F7556}") = "IntoTheBreachSimulator", "IntoTheBreachSimulator\IntoTheBreachSimulator\IntoTheBreachSimulator.csproj", "{85B57D0C-8C49-45F0-B6EE-9092AF9AE0EC}"
EndProject
Project("{FAE04EC0-301F-11D3-BF4B-00C04F79EFBC}") = "IntoTheBreachSimulator.UWP", "IntoTheBreachSimulator\IntoTheBreachSimulator.UWP\IntoTheBreachSimulator.UWP.csproj", "{5AEA0CC5-0E9E-4BEF-8D5E-0BFD81E1E02B}"
EndProject
Global
	GlobalSection(SolutionConfigurationPlatforms) = preSolution
		Ad-Hoc|Any CPU = Ad-Hoc|Any CPU
		Ad-Hoc|ARM = Ad-Hoc|ARM
		Ad-Hoc|iPhone = Ad-Hoc|iPhone
		Ad-Hoc|iPhoneSimulator = Ad-Hoc|iPhoneSimulator
		Ad-Hoc|x64 = Ad-Hoc|x64
		Ad-Hoc|x86 = Ad-Hoc|x86
		AppStore|Any CPU = AppStore|Any CPU
		AppStore|ARM = AppStore|ARM
		AppStore|iPhone = AppStore|iPhone
		AppStore|iPhoneSimulator = AppStore|iPhoneSimulator
		AppStore|x64 = AppStore|x64
		AppStore|x86 = AppStore|x86
		Debug|Any CPU = Debug|Any CPU
		Debug|ARM = Debug|ARM
		Debug|iPhone = Debug|iPhone
		Debug|iPhoneSimulator = Debug|iPhoneSimulator
		Debug|x64 = Debug|x64
		Debug|x86 = Debug|x86
		Release|Any CPU = Release|Any CPU
		Release|ARM = Release|ARM
		Release|iPhone = Release|iPhone
		Release|iPhoneSimulator = Release|iPhoneSimulator
		Release|x64 = Release|x64
		Release|x86 = Release|x86
	EndGlobalSection
	GlobalSection(ProjectConfigurationPlatforms) = postSolution
		{DC884606-FB55-43D1-8FDD-75CF47D1B619}.Ad-Hoc|Any CPU.ActiveCfg = Release|Any CPU
		{DC884606-FB55-43D1-8FDD-75CF47D1B619}.Ad-Hoc|Any CPU.Build.0 = Release|Any CPU
		{DC884606-FB55-43D1-8FDD-75CF47D1B619}.Ad-Hoc|Any CPU.Deploy.0 = Release|Any CPU
		{DC884606-FB55-43D1-8FDD-75CF47D1B619}.Ad-Hoc|ARM.ActiveCfg = Release|Any CPU
		{DC884606-FB55-43D1-8FDD-75CF47D1B619}.Ad-Hoc|ARM.Build.0 = Release|Any CPU
		{DC884606-FB55-43D1-8FDD-75CF47D1B619}.Ad-Hoc|ARM.Deploy.0 = Release|Any CPU
		{DC884606-FB55-43D1-8FDD-75CF47D1B619}.Ad-Hoc|iPhone.ActiveCfg = Release|Any CPU
		{DC884606-FB55-43D1-8FDD-75CF47D1B619}.Ad-Hoc|iPhone.Build.0 = Release|Any CPU
		{DC884606-FB55-43D1-8FDD-75CF47D1B619}.Ad-Hoc|iPhone.Deploy.0 = Release|Any CPU
		{DC884606-FB55-43D1-8FDD-75CF47D1B619}.Ad-Hoc|iPhoneSimulator.ActiveCfg = Release|Any CPU
		{DC884606-FB55-43D1-8FDD-75CF47D1B619}.Ad-Hoc|iPhoneSimulator.Build.0 = Release|Any CPU
		{DC884606-FB55-43D1-8FDD-75CF47D1B619}.Ad-Hoc|iPhoneSimulator.Deploy.0 = Release|Any CPU
		{DC884606-FB55-43D1-8FDD-75CF47D1B619}.Ad-Hoc|x64.ActiveCfg = Release|Any CPU
		{DC884606-FB55-43D1-8FDD-75CF47D1B619}.Ad-Hoc|x64.Build.0 = Release|Any CPU
		{DC884606-FB55-43D1-8FDD-75CF47D1B619}.Ad-Hoc|x64.Deploy.0 = Release|Any CPU
		{DC884606-FB55-43D1-8FDD-75CF47D1B619}.Ad-Hoc|x86.ActiveCfg = Release|Any CPU
		{DC884606-FB55-43D1-8FDD-75CF47D1B619}.Ad-Hoc|x86.Build.0 = Release|Any CPU
		{DC884606-FB55-43D1-8FDD-75CF47D1B619}.Ad-Hoc|x86.Deploy.0 = Release|Any CPU
		{DC884606-FB55-43D1-8FDD-75CF47D1B619}.AppStore|Any CPU.ActiveCfg = Release|Any CPU
		{DC884606-FB55-43D1-8FDD-75CF47D1B619}.AppStore|Any CPU.Build.0 = Release|Any CPU
		{DC884606-FB55-43D1-8FDD-75CF47D1B619}.AppStore|Any CPU.Deploy.0 = Release|Any CPU
		{DC884606-FB55-43D1-8FDD-75CF47D1B619}.AppStore|ARM.ActiveCfg = Release|Any CPU
		{DC884606-FB55-43D1-8FDD-75CF47D1B619}.AppStore|ARM.Build.0 = Release|Any CPU
		{DC884606-FB55-43D1-8FDD-75CF47D1B619}.AppStore|ARM.Deploy.0 = Release|Any CPU
		{DC884606-FB55-43D1-8FDD-75CF47D1B619}.AppStore|iPhone.ActiveCfg = Release|Any CPU
		{DC884606-FB55-43D1-8FDD-75CF47D1B619}.AppStore|iPhone.Build.0 = Release|Any CPU
		{DC884606-FB55-43D1-8FDD-75CF47D1B619}.AppStore|iPhone.Deploy.0 = Release|Any CPU
		{DC884606-FB55-43D1-8FDD-75CF47D1B619}.AppStore|iPhoneSimulator.ActiveCfg = Release|Any CPU
		{DC884606-FB55-43D1-8FDD-75CF47D1B619}.AppStore|iPhoneSimulator.Build.0 = Release|Any CPU
		{DC884606-FB55-43D1-8FDD-75CF47D1B619}.AppStore|iPhoneSimulator.Deploy.0 = Release|Any CPU
		{DC884606-FB55-43D1-8FDD-75CF47D1B619}.AppStore|x64.ActiveCfg = Release|Any CPU
		{DC884606-FB55-43D1-8FDD-75CF47D1B619}.AppStore|x64.Build.0 = Release|Any CPU
		{DC884606-FB55-43D1-8FDD-75CF47D1B619}.AppStore|x64.Deploy.0 = Release|Any CPU
		{DC884606-FB55-43D1-8FDD-75CF47D1B619}.AppStore|x86.ActiveCfg = Release|Any CPU
		{DC884606-FB55-43D1-8FDD-75CF47D1B619}.AppStore|x86.Build.0 = Release|Any CPU
		{DC884606-FB55-43D1-8FDD-75CF47D1B619}.AppStore|x86.Deploy.0 = Release|Any CPU
		{DC884606-FB55-43D1-8FDD-75CF47D1B619}.Debug|Any CPU.ActiveCfg = Debug|Any CPU
		{DC884606-FB55-43D1-8FDD-75CF47D1B619}.Debug|Any CPU.Build.0 = Debug|Any CPU
		{DC884606-FB55-43D1-8FDD-75CF47D1B619}.Debug|Any CPU.Deploy.0 = Debug|Any CPU
		{DC884606-FB55-43D1-8FDD-75CF47D1B619}.Debug|ARM.ActiveCfg = Debug|Any CPU
		{DC884606-FB55-43D1-8FDD-75CF47D1B619}.Debug|ARM.Build.0 = Debug|Any CPU
		{DC884606-FB55-43D1-8FDD-75CF47D1B619}.Debug|ARM.Deploy.0 = Debug|Any CPU
		{DC884606-FB55-43D1-8FDD-75CF47D1B619}.Debug|iPhone.ActiveCfg = Debug|Any CPU
		{DC884606-FB55-43D1-8FDD-75CF47D1B619}.Debug|iPhone.Build.0 = Debug|Any CPU
		{DC884606-FB55-43D1-8FDD-75CF47D1B619}.Debug|iPhone.Deploy.0 = Debug|Any CPU
		{DC884606-FB55-43D1-8FDD-75CF47D1B619}.Debug|iPhoneSimulator.ActiveCfg = Debug|Any CPU
		{DC884606-FB55-43D1-8FDD-75CF47D1B619}.Debug|iPhoneSimulator.Build.0 = Debug|Any CPU
		{DC884606-FB55-43D1-8FDD-75CF47D1B619}.Debug|iPhoneSimulator.Deploy.0 = Debug|Any CPU
		{DC884606-FB55-43D1-8FDD-75CF47D1B619}.Debug|x64.ActiveCfg = Debug|Any CPU
		{DC884606-FB55-43D1-8FDD-75CF47D1B619}.Debug|x64.Build.0 = Debug|Any CPU
		{DC884606-FB55-43D1-8FDD-75CF47D1B619}.Debug|x64.Deploy.0 = Debug|Any CPU
		{DC884606-FB55-43D1-8FDD-75CF47D1B619}.Debug|x86.ActiveCfg = Debug|Any CPU
		{DC884606-FB55-43D1-8FDD-75CF47D1B619}.Debug|x86.Build.0 = Debug|Any CPU
		{DC884606-FB55-43D1-8FDD-75CF47D1B619}.Debug|x86.Deploy.0 = Debug|Any CPU
		{DC884606-FB55-43D1-8FDD-75CF47D1B619}.Release|Any CPU.ActiveCfg = Release|Any CPU
		{DC884606-FB55-43D1-8FDD-75CF47D1B619}.Release|Any CPU.Build.0 = Release|Any CPU
		{DC884606-FB55-43D1-8FDD-75CF47D1B619}.Release|Any CPU.Deploy.0 = Release|Any CPU
		{DC884606-FB55-43D1-8FDD-75CF47D1B619}.Release|ARM.ActiveCfg = Release|Any CPU
		{DC884606-FB55-43D1-8FDD-75CF47D1B619}.Release|ARM.Build.0 = Release|Any CPU
		{DC884606-FB55-43D1-8FDD-75CF47D1B619}.Release|ARM.Deploy.0 = Release|Any CPU
		{DC884606-FB55-43D1-8FDD-75CF47D1B619}.Release|iPhone.ActiveCfg = Release|Any CPU
		{DC884606-FB55-43D1-8FDD-75CF47D1B619}.Release|iPhone.Build.0 = Release|Any CPU
		{DC884606-FB55-43D1-8FDD-75CF47D1B619}.Release|iPhone.Deploy.0 = Release|Any CPU
		{DC884606-FB55-43D1-8FDD-75CF47D1B619}.Release|iPhoneSimulator.ActiveCfg = Release|Any CPU
		{DC884606-FB55-43D1-8FDD-75CF47D1B619}.Release|iPhoneSimulator.Build.0 = Release|Any CPU
		{DC884606-FB55-43D1-8FDD-75CF47D1B619}.Release|iPhoneSimulator.Deploy.0 = Release|Any CPU
		{DC884606-FB55-43D1-8FDD-75CF47D1B619}.Release|x64.ActiveCfg = Release|Any CPU
		{DC884606-FB55-43D1-8FDD-75CF47D1B619}.Release|x64.Build.0 = Release|Any CPU
		{DC884606-FB55-43D1-8FDD-75CF47D1B619}.Release|x64.Deploy.0 = Release|Any CPU
		{DC884606-FB55-43D1-8FDD-75CF47D1B619}.Release|x86.ActiveCfg = Release|Any CPU
		{DC884606-FB55-43D1-8FDD-75CF47D1B619}.Release|x86.Build.0 = Release|Any CPU
		{DC884606-FB55-43D1-8FDD-75CF47D1B619}.Release|x86.Deploy.0 = Release|Any CPU
		{1BC0194A-54C2-4112-AC17-43B09AFAB6C1}.Ad-Hoc|Any CPU.ActiveCfg = Ad-Hoc|iPhone
		{1BC0194A-54C2-4112-AC17-43B09AFAB6C1}.Ad-Hoc|ARM.ActiveCfg = Ad-Hoc|iPhone
		{1BC0194A-54C2-4112-AC17-43B09AFAB6C1}.Ad-Hoc|iPhone.ActiveCfg = Ad-Hoc|iPhone
		{1BC0194A-54C2-4112-AC17-43B09AFAB6C1}.Ad-Hoc|iPhone.Build.0 = Ad-Hoc|iPhone
		{1BC0194A-54C2-4112-AC17-43B09AFAB6C1}.Ad-Hoc|iPhoneSimulator.ActiveCfg = Ad-Hoc|iPhoneSimulator
		{1BC0194A-54C2-4112-AC17-43B09AFAB6C1}.Ad-Hoc|iPhoneSimulator.Build.0 = Ad-Hoc|iPhoneSimulator
		{1BC0194A-54C2-4112-AC17-43B09AFAB6C1}.Ad-Hoc|x64.ActiveCfg = Ad-Hoc|iPhone
		{1BC0194A-54C2-4112-AC17-43B09AFAB6C1}.Ad-Hoc|x86.ActiveCfg = Ad-Hoc|iPhone
		{1BC0194A-54C2-4112-AC17-43B09AFAB6C1}.AppStore|Any CPU.ActiveCfg = AppStore|iPhone
		{1BC0194A-54C2-4112-AC17-43B09AFAB6C1}.AppStore|ARM.ActiveCfg = AppStore|iPhone
		{1BC0194A-54C2-4112-AC17-43B09AFAB6C1}.AppStore|iPhone.ActiveCfg = AppStore|iPhone
		{1BC0194A-54C2-4112-AC17-43B09AFAB6C1}.AppStore|iPhone.Build.0 = AppStore|iPhone
		{1BC0194A-54C2-4112-AC17-43B09AFAB6C1}.AppStore|iPhoneSimulator.ActiveCfg = AppStore|iPhoneSimulator
		{1BC0194A-54C2-4112-AC17-43B09AFAB6C1}.AppStore|iPhoneSimulator.Build.0 = AppStore|iPhoneSimulator
		{1BC0194A-54C2-4112-AC17-43B09AFAB6C1}.AppStore|x64.ActiveCfg = AppStore|iPhone
		{1BC0194A-54C2-4112-AC17-43B09AFAB6C1}.AppStore|x86.ActiveCfg = AppStore|iPhone
		{1BC0194A-54C2-4112-AC17-43B09AFAB6C1}.Debug|Any CPU.ActiveCfg = Debug|iPhone
		{1BC0194A-54C2-4112-AC17-43B09AFAB6C1}.Debug|ARM.ActiveCfg = Debug|iPhone
		{1BC0194A-54C2-4112-AC17-43B09AFAB6C1}.Debug|iPhone.ActiveCfg = Debug|iPhone
		{1BC0194A-54C2-4112-AC17-43B09AFAB6C1}.Debug|iPhone.Build.0 = Debug|iPhone
		{1BC0194A-54C2-4112-AC17-43B09AFAB6C1}.Debug|iPhoneSimulator.ActiveCfg = Debug|iPhoneSimulator
		{1BC0194A-54C2-4112-AC17-43B09AFAB6C1}.Debug|iPhoneSimulator.Build.0 = Debug|iPhoneSimulator
		{1BC0194A-54C2-4112-AC17-43B09AFAB6C1}.Debug|x64.ActiveCfg = Debug|iPhone
		{1BC0194A-54C2-4112-AC17-43B09AFAB6C1}.Debug|x86.ActiveCfg = Debug|iPhone
		{1BC0194A-54C2-4112-AC17-43B09AFAB6C1}.Release|Any CPU.ActiveCfg = Release|iPhone
		{1BC0194A-54C2-4112-AC17-43B09AFAB6C1}.Release|ARM.ActiveCfg = Release|iPhone
		{1BC0194A-54C2-4112-AC17-43B09AFAB6C1}.Release|iPhone.ActiveCfg = Release|iPhone
		{1BC0194A-54C2-4112-AC17-43B09AFAB6C1}.Release|iPhone.Build.0 = Release|iPhone
		{1BC0194A-54C2-4112-AC17-43B09AFAB6C1}.Release|iPhoneSimulator.ActiveCfg = Release|iPhoneSimulator
		{1BC0194A-54C2-4112-AC17-43B09AFAB6C1}.Release|iPhoneSimulator.Build.0 = Release|iPhoneSimulator
		{1BC0194A-54C2-4112-AC17-43B09AFAB6C1}.Release|x64.ActiveCfg = Release|iPhone
		{1BC0194A-54C2-4112-AC17-43B09AFAB6C1}.Release|x86.ActiveCfg = Release|iPhone
		{85B57D0C-8C49-45F0-B6EE-9092AF9AE0EC}.Ad-Hoc|Any CPU.ActiveCfg = Debug|Any CPU
		{85B57D0C-8C49-45F0-B6EE-9092AF9AE0EC}.Ad-Hoc|Any CPU.Build.0 = Debug|Any CPU
		{85B57D0C-8C49-45F0-B6EE-9092AF9AE0EC}.Ad-Hoc|ARM.ActiveCfg = Debug|Any CPU
		{85B57D0C-8C49-45F0-B6EE-9092AF9AE0EC}.Ad-Hoc|ARM.Build.0 = Debug|Any CPU
		{85B57D0C-8C49-45F0-B6EE-9092AF9AE0EC}.Ad-Hoc|iPhone.ActiveCfg = Debug|Any CPU
		{85B57D0C-8C49-45F0-B6EE-9092AF9AE0EC}.Ad-Hoc|iPhone.Build.0 = Debug|Any CPU
		{85B57D0C-8C49-45F0-B6EE-9092AF9AE0EC}.Ad-Hoc|iPhoneSimulator.ActiveCfg = Debug|Any CPU
		{85B57D0C-8C49-45F0-B6EE-9092AF9AE0EC}.Ad-Hoc|iPhoneSimulator.Build.0 = Debug|Any CPU
		{85B57D0C-8C49-45F0-B6EE-9092AF9AE0EC}.Ad-Hoc|x64.ActiveCfg = Debug|Any CPU
		{85B57D0C-8C49-45F0-B6EE-9092AF9AE0EC}.Ad-Hoc|x64.Build.0 = Debug|Any CPU
		{85B57D0C-8C49-45F0-B6EE-9092AF9AE0EC}.Ad-Hoc|x86.ActiveCfg = Debug|Any CPU
		{85B57D0C-8C49-45F0-B6EE-9092AF9AE0EC}.Ad-Hoc|x86.Build.0 = Debug|Any CPU
		{85B57D0C-8C49-45F0-B6EE-9092AF9AE0EC}.AppStore|Any CPU.ActiveCfg = Debug|Any CPU
		{85B57D0C-8C49-45F0-B6EE-9092AF9AE0EC}.AppStore|Any CPU.Build.0 = Debug|Any CPU
		{85B57D0C-8C49-45F0-B6EE-9092AF9AE0EC}.AppStore|ARM.ActiveCfg = Debug|Any CPU
		{85B57D0C-8C49-45F0-B6EE-9092AF9AE0EC}.AppStore|ARM.Build.0 = Debug|Any CPU
		{85B57D0C-8C49-45F0-B6EE-9092AF9AE0EC}.AppStore|iPhone.ActiveCfg = Debug|Any CPU
		{85B57D0C-8C49-45F0-B6EE-9092AF9AE0EC}.AppStore|iPhone.Build.0 = Debug|Any CPU
		{85B57D0C-8C49-45F0-B6EE-9092AF9AE0EC}.AppStore|iPhoneSimulator.ActiveCfg = Debug|Any CPU
		{85B57D0C-8C49-45F0-B6EE-9092AF9AE0EC}.AppStore|iPhoneSimulator.Build.0 = Debug|Any CPU
		{85B57D0C-8C49-45F0-B6EE-9092AF9AE0EC}.AppStore|x64.ActiveCfg = Debug|Any CPU
		{85B57D0C-8C49-45F0-B6EE-9092AF9AE0EC}.AppStore|x64.Build.0 = Debug|Any CPU
		{85B57D0C-8C49-45F0-B6EE-9092AF9AE0EC}.AppStore|x86.ActiveCfg = Debug|Any CPU
		{85B57D0C-8C49-45F0-B6EE-9092AF9AE0EC}.AppStore|x86.Build.0 = Debug|Any CPU
		{85B57D0C-8C49-45F0-B6EE-9092AF9AE0EC}.Debug|Any CPU.ActiveCfg = Debug|Any CPU
		{85B57D0C-8C49-45F0-B6EE-9092AF9AE0EC}.Debug|Any CPU.Build.0 = Debug|Any CPU
		{85B57D0C-8C49-45F0-B6EE-9092AF9AE0EC}.Debug|ARM.ActiveCfg = Debug|Any CPU
		{85B57D0C-8C49-45F0-B6EE-9092AF9AE0EC}.Debug|ARM.Build.0 = Debug|Any CPU
		{85B57D0C-8C49-45F0-B6EE-9092AF9AE0EC}.Debug|iPhone.ActiveCfg = Debug|Any CPU
		{85B57D0C-8C49-45F0-B6EE-9092AF9AE0EC}.Debug|iPhone.Build.0 = Debug|Any CPU
		{85B57D0C-8C49-45F0-B6EE-9092AF9AE0EC}.Debug|iPhoneSimulator.ActiveCfg = Debug|Any CPU
		{85B57D0C-8C49-45F0-B6EE-9092AF9AE0EC}.Debug|iPhoneSimulator.Build.0 = Debug|Any CPU
		{85B57D0C-8C49-45F0-B6EE-9092AF9AE0EC}.Debug|x64.ActiveCfg = Debug|Any CPU
		{85B57D0C-8C49-45F0-B6EE-9092AF9AE0EC}.Debug|x64.Build.0 = Debug|Any CPU
		{85B57D0C-8C49-45F0-B6EE-9092AF9AE0EC}.Debug|x86.ActiveCfg = Debug|Any CPU
		{85B57D0C-8C49-45F0-B6EE-9092AF9AE0EC}.Debug|x86.Build.0 = Debug|Any CPU
		{85B57D0C-8C49-45F0-B6EE-9092AF9AE0EC}.Release|Any CPU.ActiveCfg = Release|Any CPU
		{85B57D0C-8C49-45F0-B6EE-9092AF9AE0EC}.Release|Any CPU.Build.0 = Release|Any CPU
		{85B57D0C-8C49-45F0-B6EE-9092AF9AE0EC}.Release|ARM.ActiveCfg = Release|Any CPU
		{85B57D0C-8C49-45F0-B6EE-9092AF9AE0EC}.Release|ARM.Build.0 = Release|Any CPU
		{85B57D0C-8C49-45F0-B6EE-9092AF9AE0EC}.Release|iPhone.ActiveCfg = Release|Any CPU
		{85B57D0C-8C49-45F0-B6EE-9092AF9AE0EC}.Release|iPhone.Build.0 = Release|Any CPU
		{85B57D0C-8C49-45F0-B6EE-9092AF9AE0EC}.Release|iPhoneSimulator.ActiveCfg = Release|Any CPU
		{85B57D0C-8C49-45F0-B6EE-9092AF9AE0EC}.Release|iPhoneSimulator.Build.0 = Release|Any CPU
		{85B57D0C-8C49-45F0-B6EE-9092AF9AE0EC}.Release|x64.ActiveCfg = Release|Any CPU
		{85B57D0C-8C49-45F0-B6EE-9092AF9AE0EC}.Release|x64.Build.0 = Release|Any CPU
		{85B57D0C-8C49-45F0-B6EE-9092AF9AE0EC}.Release|x86.ActiveCfg = Release|Any CPU
		{85B57D0C-8C49-45F0-B6EE-9092AF9AE0EC}.Release|x86.Build.0 = Release|Any CPU
		{5AEA0CC5-0E9E-4BEF-8D5E-0BFD81E1E02B}.Ad-Hoc|Any CPU.ActiveCfg = Release|x86
		{5AEA0CC5-0E9E-4BEF-8D5E-0BFD81E1E02B}.Ad-Hoc|Any CPU.Build.0 = Release|x86
		{5AEA0CC5-0E9E-4BEF-8D5E-0BFD81E1E02B}.Ad-Hoc|Any CPU.Deploy.0 = Release|x86
		{5AEA0CC5-0E9E-4BEF-8D5E-0BFD81E1E02B}.Ad-Hoc|ARM.ActiveCfg = Release|ARM
		{5AEA0CC5-0E9E-4BEF-8D5E-0BFD81E1E02B}.Ad-Hoc|ARM.Build.0 = Release|ARM
		{5AEA0CC5-0E9E-4BEF-8D5E-0BFD81E1E02B}.Ad-Hoc|ARM.Deploy.0 = Release|ARM
		{5AEA0CC5-0E9E-4BEF-8D5E-0BFD81E1E02B}.Ad-Hoc|iPhone.ActiveCfg = Release|x86
		{5AEA0CC5-0E9E-4BEF-8D5E-0BFD81E1E02B}.Ad-Hoc|iPhone.Build.0 = Release|x86
		{5AEA0CC5-0E9E-4BEF-8D5E-0BFD81E1E02B}.Ad-Hoc|iPhone.Deploy.0 = Release|x86
		{5AEA0CC5-0E9E-4BEF-8D5E-0BFD81E1E02B}.Ad-Hoc|iPhoneSimulator.ActiveCfg = Release|x86
		{5AEA0CC5-0E9E-4BEF-8D5E-0BFD81E1E02B}.Ad-Hoc|iPhoneSimulator.Build.0 = Release|x86
		{5AEA0CC5-0E9E-4BEF-8D5E-0BFD81E1E02B}.Ad-Hoc|iPhoneSimulator.Deploy.0 = Release|x86
		{5AEA0CC5-0E9E-4BEF-8D5E-0BFD81E1E02B}.Ad-Hoc|x64.ActiveCfg = Release|x64
		{5AEA0CC5-0E9E-4BEF-8D5E-0BFD81E1E02B}.Ad-Hoc|x64.Build.0 = Release|x64
		{5AEA0CC5-0E9E-4BEF-8D5E-0BFD81E1E02B}.Ad-Hoc|x64.Deploy.0 = Release|x64
		{5AEA0CC5-0E9E-4BEF-8D5E-0BFD81E1E02B}.Ad-Hoc|x86.ActiveCfg = Release|x86
		{5AEA0CC5-0E9E-4BEF-8D5E-0BFD81E1E02B}.Ad-Hoc|x86.Build.0 = Release|x86
		{5AEA0CC5-0E9E-4BEF-8D5E-0BFD81E1E02B}.Ad-Hoc|x86.Deploy.0 = Release|x86
		{5AEA0CC5-0E9E-4BEF-8D5E-0BFD81E1E02B}.AppStore|Any CPU.ActiveCfg = Release|x86
		{5AEA0CC5-0E9E-4BEF-8D5E-0BFD81E1E02B}.AppStore|Any CPU.Build.0 = Release|x86
		{5AEA0CC5-0E9E-4BEF-8D5E-0BFD81E1E02B}.AppStore|Any CPU.Deploy.0 = Release|x86
		{5AEA0CC5-0E9E-4BEF-8D5E-0BFD81E1E02B}.AppStore|ARM.ActiveCfg = Release|ARM
		{5AEA0CC5-0E9E-4BEF-8D5E-0BFD81E1E02B}.AppStore|ARM.Build.0 = Release|ARM
		{5AEA0CC5-0E9E-4BEF-8D5E-0BFD81E1E02B}.AppStore|ARM.Deploy.0 = Release|ARM
		{5AEA0CC5-0E9E-4BEF-8D5E-0BFD81E1E02B}.AppStore|iPhone.ActiveCfg = Release|x86
		{5AEA0CC5-0E9E-4BEF-8D5E-0BFD81E1E02B}.AppStore|iPhone.Build.0 = Release|x86
		{5AEA0CC5-0E9E-4BEF-8D5E-0BFD81E1E02B}.AppStore|iPhone.Deploy.0 = Release|x86
		{5AEA0CC5-0E9E-4BEF-8D5E-0BFD81E1E02B}.AppStore|iPhoneSimulator.ActiveCfg = Release|x86
		{5AEA0CC5-0E9E-4BEF-8D5E-0BFD81E1E02B}.AppStore|iPhoneSimulator.Build.0 = Release|x86
		{5AEA0CC5-0E9E-4BEF-8D5E-0BFD81E1E02B}.AppStore|iPhoneSimulator.Deploy.0 = Release|x86
		{5AEA0CC5-0E9E-4BEF-8D5E-0BFD81E1E02B}.AppStore|x64.ActiveCfg = Release|x64
		{5AEA0CC5-0E9E-4BEF-8D5E-0BFD81E1E02B}.AppStore|x64.Build.0 = Release|x64
		{5AEA0CC5-0E9E-4BEF-8D5E-0BFD81E1E02B}.AppStore|x64.Deploy.0 = Release|x64
		{5AEA0CC5-0E9E-4BEF-8D5E-0BFD81E1E02B}.AppStore|x86.ActiveCfg = Release|x86
		{5AEA0CC5-0E9E-4BEF-8D5E-0BFD81E1E02B}.AppStore|x86.Build.0 = Release|x86
		{5AEA0CC5-0E9E-4BEF-8D5E-0BFD81E1E02B}.AppStore|x86.Deploy.0 = Release|x86
		{5AEA0CC5-0E9E-4BEF-8D5E-0BFD81E1E02B}.Debug|Any CPU.ActiveCfg = Debug|x86
		{5AEA0CC5-0E9E-4BEF-8D5E-0BFD81E1E02B}.Debug|ARM.ActiveCfg = Debug|ARM
		{5AEA0CC5-0E9E-4BEF-8D5E-0BFD81E1E02B}.Debug|ARM.Build.0 = Debug|ARM
		{5AEA0CC5-0E9E-4BEF-8D5E-0BFD81E1E02B}.Debug|ARM.Deploy.0 = Debug|ARM
		{5AEA0CC5-0E9E-4BEF-8D5E-0BFD81E1E02B}.Debug|iPhone.ActiveCfg = Debug|x86
		{5AEA0CC5-0E9E-4BEF-8D5E-0BFD81E1E02B}.Debug|iPhoneSimulator.ActiveCfg = Debug|x86
		{5AEA0CC5-0E9E-4BEF-8D5E-0BFD81E1E02B}.Debug|x64.ActiveCfg = Debug|x64
		{5AEA0CC5-0E9E-4BEF-8D5E-0BFD81E1E02B}.Debug|x64.Build.0 = Debug|x64
		{5AEA0CC5-0E9E-4BEF-8D5E-0BFD81E1E02B}.Debug|x64.Deploy.0 = Debug|x64
		{5AEA0CC5-0E9E-4BEF-8D5E-0BFD81E1E02B}.Debug|x86.ActiveCfg = Debug|x86
		{5AEA0CC5-0E9E-4BEF-8D5E-0BFD81E1E02B}.Debug|x86.Build.0 = Debug|x86
		{5AEA0CC5-0E9E-4BEF-8D5E-0BFD81E1E02B}.Debug|x86.Deploy.0 = Debug|x86
		{5AEA0CC5-0E9E-4BEF-8D5E-0BFD81E1E02B}.Release|Any CPU.ActiveCfg = Release|x86
		{5AEA0CC5-0E9E-4BEF-8D5E-0BFD81E1E02B}.Release|ARM.ActiveCfg = Release|ARM
		{5AEA0CC5-0E9E-4BEF-8D5E-0BFD81E1E02B}.Release|ARM.Build.0 = Release|ARM
		{5AEA0CC5-0E9E-4BEF-8D5E-0BFD81E1E02B}.Release|ARM.Deploy.0 = Release|ARM
		{5AEA0CC5-0E9E-4BEF-8D5E-0BFD81E1E02B}.Release|iPhone.ActiveCfg = Release|x86
		{5AEA0CC5-0E9E-4BEF-8D5E-0BFD81E1E02B}.Release|iPhoneSimulator.ActiveCfg = Release|x86
		{5AEA0CC5-0E9E-4BEF-8D5E-0BFD81E1E02B}.Release|x64.ActiveCfg = Release|x64
		{5AEA0CC5-0E9E-4BEF-8D5E-0BFD81E1E02B}.Release|x64.Build.0 = Release|x64
		{5AEA0CC5-0E9E-4BEF-8D5E-0BFD81E1E02B}.Release|x64.Deploy.0 = Release|x64
		{5AEA0CC5-0E9E-4BEF-8D5E-0BFD81E1E02B}.Release|x86.ActiveCfg = Release|x86
		{5AEA0CC5-0E9E-4BEF-8D5E-0BFD81E1E02B}.Release|x86.Build.0 = Release|x86
		{5AEA0CC5-0E9E-4BEF-8D5E-0BFD81E1E02B}.Release|x86.Deploy.0 = Release|x86
	EndGlobalSection
	GlobalSection(SolutionProperties) = preSolution
		HideSolutionNode = FALSE
	EndGlobalSection
	GlobalSection(ExtensibilityGlobals) = postSolution
		SolutionGuid = {F9B2569A-6291-49EE-80AB-1DE8035E25A5}
	EndGlobalSection
EndGlobal
